
Microsoft Visual Studio Solution File, Format Version 12.00
# Visual Studio Version 16
VisualStudioVersion = 16.0.30517.126
MinimumVisualStudioVersion = 10.0.40219.1
Project("{8BC9CEB8-8B4A-11D0-8D11-00A0C91BC942}") = "D3DShaderReplacer", "D3DShaderReplacer\D3DShaderReplacer.vcxproj", "{5EB5E1B8-3493-418E-BB1E-CABC603C6B8E}"
EndProject
Global
	GlobalSection(SolutionConfigurationPlatforms) = preSolution
		Debug|x64 = Debug|x64
		Debug|x86 = Debug|x86
		Release|x64 = Release|x64
		Release|x86 = Release|x86
	EndGlobalSection
	GlobalSection(ProjectConfigurationPlatforms) = postSolution
		{5EB5E1B8-3493-418E-BB1E-CABC603C6B8E}.Debug|x64.ActiveCfg = Debug|x64
		{5EB5E1B8-3493-418E-BB1E-CABC603C6B8E}.Debug|x64.Build.0 = Debug|x64
		{5EB5E1B8-3493-418E-BB1E-CABC603C6B8E}.Debug|x86.ActiveCfg = Debug|Win32
		{5EB5E1B8-3493-418E-BB1E-CABC603C6B8E}.Debug|x86.Build.0 = Debug|Win32
		{5EB5E1B8-3493-418E-BB1E-CABC603C6B8E}.Release|x64.ActiveCfg = Release|x64
		{5EB5E1B8-3493-418E-BB1E-CABC603C6B8E}.Release|x64.Build.0 = Release|x64
		{5EB5E1B8-3493-418E-BB1E-CABC603C6B8E}.Release|x86.ActiveCfg = Release|Win32
		{5EB5E1B8-3493-418E-BB1E-CABC603C6B8E}.Release|x86.Build.0 = Release|Win32
	EndGlobalSection
	GlobalSection(SolutionProperties) = preSolution
		HideSolutionNode = FALSE
	EndGlobalSection
	GlobalSection(ExtensibilityGlobals) = postSolution
		SolutionGuid = {616B842B-44A6-4C81-B945-2D70B03B1EED}
	EndGlobalSection
EndGlobal
